
Microsoft Visual Studio Solution File, Format Version 12.00
# Visual Studio 14
VisualStudioVersion = 14.0.25420.1
MinimumVisualStudioVersion = 10.0.40219.1
Project("{FAE04EC0-301F-11D3-BF4B-00C04F79EFBC}") = "ChatWithSignalR", "Simple_Chat\ChatWithSignalR.csproj", "{75AF531D-A87B-43B2-B298-4B4620DE01E6}"
EndProject
Project("{FAE04EC0-301F-11D3-BF4B-00C04F79EFBC}") = "ChatWithSignalR.Repo", "Repo\ChatWithSignalR.Repo.csproj", "{A06B5759-2455-4AE1-AD44-ED7C7CFFB023}"
EndProject
Project("{FAE04EC0-301F-11D3-BF4B-00C04F79EFBC}") = "ChatWithSignalR.BLL", "BLL\ChatWithSignalR.BLL.csproj", "{F9DDD1FE-206C-468D-8731-0CDF5A061777}"
EndProject
Project("{FAE04EC0-301F-11D3-BF4B-00C04F79EFBC}") = "ChatWithSignalR.DAL", "ChatWithSignalR.DAL\ChatWithSignalR.DAL.csproj", "{ED284C29-6086-4C4A-B2AC-64F9268CCC6F}"
EndProject
Project("{FAE04EC0-301F-11D3-BF4B-00C04F79EFBC}") = "ChatWithSignalR.DIContainer", "ChatWithSignalR.DIContainer\ChatWithSignalR.DIContainer.csproj", "{61C95363-3271-4400-8A68-FE57F78EB364}"
EndProject
Global
	GlobalSection(SolutionConfigurationPlatforms) = preSolution
		Debug|Any CPU = Debug|Any CPU
		Release|Any CPU = Release|Any CPU
	EndGlobalSection
	GlobalSection(ProjectConfigurationPlatforms) = postSolution
		{75AF531D-A87B-43B2-B298-4B4620DE01E6}.Debug|Any CPU.ActiveCfg = Debug|Any CPU
		{75AF531D-A87B-43B2-B298-4B4620DE01E6}.Debug|Any CPU.Build.0 = Debug|Any CPU
		{75AF531D-A87B-43B2-B298-4B4620DE01E6}.Release|Any CPU.ActiveCfg = Release|Any CPU
		{75AF531D-A87B-43B2-B298-4B4620DE01E6}.Release|Any CPU.Build.0 = Release|Any CPU
		{A06B5759-2455-4AE1-AD44-ED7C7CFFB023}.Debug|Any CPU.ActiveCfg = Debug|Any CPU
		{A06B5759-2455-4AE1-AD44-ED7C7CFFB023}.Debug|Any CPU.Build.0 = Debug|Any CPU
		{A06B5759-2455-4AE1-AD44-ED7C7CFFB023}.Release|Any CPU.ActiveCfg = Release|Any CPU
		{A06B5759-2455-4AE1-AD44-ED7C7CFFB023}.Release|Any CPU.Build.0 = Release|Any CPU
		{F9DDD1FE-206C-468D-8731-0CDF5A061777}.Debug|Any CPU.ActiveCfg = Debug|Any CPU
		{F9DDD1FE-206C-468D-8731-0CDF5A061777}.Debug|Any CPU.Build.0 = Debug|Any CPU
		{F9DDD1FE-206C-468D-8731-0CDF5A061777}.Release|Any CPU.ActiveCfg = Release|Any CPU
		{F9DDD1FE-206C-468D-8731-0CDF5A061777}.Release|Any CPU.Build.0 = Release|Any CPU
		{ED284C29-6086-4C4A-B2AC-64F9268CCC6F}.Debug|Any CPU.ActiveCfg = Debug|Any CPU
		{ED284C29-6086-4C4A-B2AC-64F9268CCC6F}.Debug|Any CPU.Build.0 = Debug|Any CPU
		{ED284C29-6086-4C4A-B2AC-64F9268CCC6F}.Release|Any CPU.ActiveCfg = Release|Any CPU
		{ED284C29-6086-4C4A-B2AC-64F9268CCC6F}.Release|Any CPU.Build.0 = Release|Any CPU
		{61C95363-3271-4400-8A68-FE57F78EB364}.Debug|Any CPU.ActiveCfg = Debug|Any CPU
		{61C95363-3271-4400-8A68-FE57F78EB364}.Debug|Any CPU.Build.0 = Debug|Any CPU
		{61C95363-3271-4400-8A68-FE57F78EB364}.Release|Any CPU.ActiveCfg = Release|Any CPU
		{61C95363-3271-4400-8A68-FE57F78EB364}.Release|Any CPU.Build.0 = Release|Any CPU
	EndGlobalSection
	GlobalSection(SolutionProperties) = preSolution
		HideSolutionNode = FALSE
	EndGlobalSection
EndGlobal
